
Microsoft Visual Studio Solution File, Format Version 12.00
# Visual Studio Version 17
VisualStudioVersion = 17.1.32210.238
MinimumVisualStudioVersion = 10.0.40219.1
Project("{FAE04EC0-301F-11D3-BF4B-00C04F79EFBC}") = "CollectionClassList", "CollectionClassList\CollectionClassList.csproj", "{EEAB7B9F-D516-4118-A84B-4C082138D464}"
EndProject
Global
	GlobalSection(SolutionConfigurationPlatforms) = preSolution
		Debug|Any CPU = Debug|Any CPU
		Release|Any CPU = Release|Any CPU
	EndGlobalSection
	GlobalSection(ProjectConfigurationPlatforms) = postSolution
		{EEAB7B9F-D516-4118-A84B-4C082138D464}.Debug|Any CPU.ActiveCfg = Debug|Any CPU
		{EEAB7B9F-D516-4118-A84B-4C082138D464}.Debug|Any CPU.Build.0 = Debug|Any CPU
		{EEAB7B9F-D516-4118-A84B-4C082138D464}.Release|Any CPU.ActiveCfg = Release|Any CPU
		{EEAB7B9F-D516-4118-A84B-4C082138D464}.Release|Any CPU.Build.0 = Release|Any CPU
	EndGlobalSection
	GlobalSection(SolutionProperties) = preSolution
		HideSolutionNode = FALSE
	EndGlobalSection
	GlobalSection(ExtensibilityGlobals) = postSolution
		SolutionGuid = {081E97E1-0E72-4C8D-A181-8532ED84C990}
	EndGlobalSection
EndGlobal
